
Microsoft Visual Studio Solution File, Format Version 12.00
# Visual Studio Version 17
VisualStudioVersion = 17.13.35825.156 d17.13
MinimumVisualStudioVersion = 10.0.40219.1
Project("{FAE04EC0-301F-11D3-BF4B-00C04F79EFBC}") = "MonitoringService", "MonitoringService\MonitoringService.csproj", "{EB3BB51B-BDA9-4CC6-9CFB-59C3BF5324DC}"
EndProject
Global
	GlobalSection(SolutionConfigurationPlatforms) = preSolution
		Debug|Any CPU = Debug|Any CPU
		Release|Any CPU = Release|Any CPU
	EndGlobalSection
	GlobalSection(ProjectConfigurationPlatforms) = postSolution
		{EB3BB51B-BDA9-4CC6-9CFB-59C3BF5324DC}.Debug|Any CPU.ActiveCfg = Debug|Any CPU
		{EB3BB51B-BDA9-4CC6-9CFB-59C3BF5324DC}.Debug|Any CPU.Build.0 = Debug|Any CPU
		{EB3BB51B-BDA9-4CC6-9CFB-59C3BF5324DC}.Release|Any CPU.ActiveCfg = Release|Any CPU
		{EB3BB51B-BDA9-4CC6-9CFB-59C3BF5324DC}.Release|Any CPU.Build.0 = Release|Any CPU
	EndGlobalSection
	GlobalSection(SolutionProperties) = preSolution
		HideSolutionNode = FALSE
	EndGlobalSection
	GlobalSection(ExtensibilityGlobals) = postSolution
		SolutionGuid = {40E3D610-14E8-4C53-B5FB-24F2B37D54A0}
	EndGlobalSection
EndGlobal
